
Microsoft Visual Studio Solution File, Format Version 12.00
# Visual Studio Version 17
VisualStudioVersion = 17.1.32104.313
MinimumVisualStudioVersion = 10.0.40219.1
Project("{9A19103F-16F7-4668-BE54-9A1E7A4F7556}") = "HomeAutomation.Web", "HomeAutomation.Web\HomeAutomation.Web.csproj", "{ADB91423-0183-4B11-B30F-56E57BBE63FC}"
EndProject
Project("{2150E333-8FDC-42A3-9474-1A3956D46DE8}") = "Solution Items", "Solution Items", "{8CCA2C8E-EA09-4057-9E9C-EDD49873523F}"
	ProjectSection(SolutionItems) = preProject
		.editorconfig = .editorconfig
		Directory.Build.props = Directory.Build.props
	EndProjectSection
EndProject
Global
	GlobalSection(SolutionConfigurationPlatforms) = preSolution
		Debug|Any CPU = Debug|Any CPU
		Release|Any CPU = Release|Any CPU
	EndGlobalSection
	GlobalSection(ProjectConfigurationPlatforms) = postSolution
		{ADB91423-0183-4B11-B30F-56E57BBE63FC}.Debug|Any CPU.ActiveCfg = Debug|Any CPU
		{ADB91423-0183-4B11-B30F-56E57BBE63FC}.Debug|Any CPU.Build.0 = Debug|Any CPU
		{ADB91423-0183-4B11-B30F-56E57BBE63FC}.Release|Any CPU.ActiveCfg = Release|Any CPU
		{ADB91423-0183-4B11-B30F-56E57BBE63FC}.Release|Any CPU.Build.0 = Release|Any CPU
	EndGlobalSection
	GlobalSection(SolutionProperties) = preSolution
		HideSolutionNode = FALSE
	EndGlobalSection
	GlobalSection(ExtensibilityGlobals) = postSolution
		SolutionGuid = {4DA82F95-4A3C-40AE-AAC7-19B5C55CFF35}
	EndGlobalSection
EndGlobal
